
Microsoft Visual Studio Solution File, Format Version 12.00
# Visual Studio Version 16
VisualStudioVersion = 16.0.29613.14
MinimumVisualStudioVersion = 10.0.40219.1
Project("{FAE04EC0-301F-11D3-BF4B-00C04F79EFBC}") = "VoosAPI", "VoosAPI\VoosAPI.csproj", "{31097754-3C6B-493D-B53C-CBD103538ECB}"
EndProject
Global
	GlobalSection(SolutionConfigurationPlatforms) = preSolution
		Debug|Any CPU = Debug|Any CPU
		Release|Any CPU = Release|Any CPU
	EndGlobalSection
	GlobalSection(ProjectConfigurationPlatforms) = postSolution
		{31097754-3C6B-493D-B53C-CBD103538ECB}.Debug|Any CPU.ActiveCfg = Debug|Any CPU
		{31097754-3C6B-493D-B53C-CBD103538ECB}.Debug|Any CPU.Build.0 = Debug|Any CPU
		{31097754-3C6B-493D-B53C-CBD103538ECB}.Release|Any CPU.ActiveCfg = Release|Any CPU
		{31097754-3C6B-493D-B53C-CBD103538ECB}.Release|Any CPU.Build.0 = Release|Any CPU
	EndGlobalSection
	GlobalSection(SolutionProperties) = preSolution
		HideSolutionNode = FALSE
	EndGlobalSection
	GlobalSection(ExtensibilityGlobals) = postSolution
		SolutionGuid = {7A2400A5-D31E-4C41-8ADC-371E2EC581F0}
	EndGlobalSection
EndGlobal
